// !$*UTF8*$!
{
	archiveVersion = 1;
	classes = {
	};
	objectVersion = 54;
	objects = {

/* Begin PBXBuildFile section */
		DA3B5F492742629F00901063 /* AppDelegate.swift in Sources */ = {isa = PBXBuildFile; fileRef = DA3B5F482742629F00901063 /* AppDelegate.swift */; };
		DA3B5F4B2742629F00901063 /* SceneDelegate.swift in Sources */ = {isa = PBXBuildFile; fileRef = DA3B5F4A2742629F00901063 /* SceneDelegate.swift */; };
		DA3B5F52274262A100901063 /* Assets.xcassets in Resources */ = {isa = PBXBuildFile; fileRef = DA3B5F51274262A100901063 /* Assets.xcassets */; };
		DA3B5F55274262A100901063 /* LaunchScreen.storyboard in Resources */ = {isa = PBXBuildFile; fileRef = DA3B5F53274262A100901063 /* LaunchScreen.storyboard */; };
		DA3B5F60274262A100901063 /* StockAppTests.swift in Sources */ = {isa = PBXBuildFile; fileRef = DA3B5F5F274262A100901063 /* StockAppTests.swift */; };
		DA3B5F6A274262A100901063 /* StockAppUITests.swift in Sources */ = {isa = PBXBuildFile; fileRef = DA3B5F69274262A100901063 /* StockAppUITests.swift */; };
		DA3B5F6C274262A100901063 /* StockAppUITestsLaunchTests.swift in Sources */ = {isa = PBXBuildFile; fileRef = DA3B5F6B274262A100901063 /* StockAppUITestsLaunchTests.swift */; };
		DA3B5F86274278B400901063 /* LoginViewController.swift in Sources */ = {isa = PBXBuildFile; fileRef = DA3B5F84274278B400901063 /* LoginViewController.swift */; };
		DA3B5F87274278B400901063 /* LoginViewController.xib in Resources */ = {isa = PBXBuildFile; fileRef = DA3B5F85274278B400901063 /* LoginViewController.xib */; };
		DA3B5F8B274280F800901063 /* MainTabBarController.swift in Sources */ = {isa = PBXBuildFile; fileRef = DA3B5F89274280F800901063 /* MainTabBarController.swift */; };
		DA3B5F8C274280F800901063 /* MainTabBarController.xib in Resources */ = {isa = PBXBuildFile; fileRef = DA3B5F8A274280F800901063 /* MainTabBarController.xib */; };
		DA3B5F8F274293F500901063 /* HomeViewController.swift in Sources */ = {isa = PBXBuildFile; fileRef = DA3B5F8D274293F500901063 /* HomeViewController.swift */; };
		DA3B5F90274293F500901063 /* HomeViewController.xib in Resources */ = {isa = PBXBuildFile; fileRef = DA3B5F8E274293F500901063 /* HomeViewController.xib */; };
		DA3B5F932742942000901063 /* WishListViewController.swift in Sources */ = {isa = PBXBuildFile; fileRef = DA3B5F912742942000901063 /* WishListViewController.swift */; };
		DA3B5F942742942000901063 /* WishListViewController.xib in Resources */ = {isa = PBXBuildFile; fileRef = DA3B5F922742942000901063 /* WishListViewController.xib */; };
		DA3B5F972742943900901063 /* ProfileViewController.swift in Sources */ = {isa = PBXBuildFile; fileRef = DA3B5F952742943900901063 /* ProfileViewController.swift */; };
		DA3B5F982742943900901063 /* ProfileViewController.xib in Resources */ = {isa = PBXBuildFile; fileRef = DA3B5F962742943900901063 /* ProfileViewController.xib */; };
		DA3B5FA027438A4500901063 /* StockViewModel.swift in Sources */ = {isa = PBXBuildFile; fileRef = DA3B5F9F27438A4500901063 /* StockViewModel.swift */; };
		DA3B5FA22743922D00901063 /* Stock.swift in Sources */ = {isa = PBXBuildFile; fileRef = DA3B5FA12743922D00901063 /* Stock.swift */; };
		DA3B5FA52743A12200901063 /* Network.swift in Sources */ = {isa = PBXBuildFile; fileRef = DA3B5FA42743A12200901063 /* Network.swift */; };
		DA3B5FA92743C58500901063 /* StockCell.swift in Sources */ = {isa = PBXBuildFile; fileRef = DA3B5FA72743C58500901063 /* StockCell.swift */; };
		DA3B5FAA2743C58500901063 /* StockCell.xib in Resources */ = {isa = PBXBuildFile; fileRef = DA3B5FA82743C58500901063 /* StockCell.xib */; };
		DA3B5FAC2744293200901063 /* UIColor+Extension.swift in Sources */ = {isa = PBXBuildFile; fileRef = DA3B5FAB2744293200901063 /* UIColor+Extension.swift */; };
		DA3B5FAE2744CF4300901063 /* WishlistManager.swift in Sources */ = {isa = PBXBuildFile; fileRef = DA3B5FAD2744CF4300901063 /* WishlistManager.swift */; };
		DA3B5FB32744E9D400901063 /* WishlistViewModel.swift in Sources */ = {isa = PBXBuildFile; fileRef = DA3B5FB22744E9D400901063 /* WishlistViewModel.swift */; };
		DA5860E4274521C500060AC7 /* FirebaseAuth in Frameworks */ = {isa = PBXBuildFile; productRef = DA5860E3274521C500060AC7 /* FirebaseAuth */; };
		DA5860E6274529E000060AC7 /* GoogleService-Info.plist in Resources */ = {isa = PBXBuildFile; fileRef = DA5860E5274529E000060AC7 /* GoogleService-Info.plist */; };
		DA8A9B1F274A15FB000BA144 /* HomeVc+Extension+CollectionDS.swift in Sources */ = {isa = PBXBuildFile; fileRef = DA8A9B1E274A15FB000BA144 /* HomeVc+Extension+CollectionDS.swift */; };
		DA8A9B21274A1777000BA144 /* BaseViewController.swift in Sources */ = {isa = PBXBuildFile; fileRef = DA8A9B20274A1777000BA144 /* BaseViewController.swift */; };
		DA8A9B23274A18DA000BA144 /* UIView+Extension.swift in Sources */ = {isa = PBXBuildFile; fileRef = DA8A9B22274A18DA000BA144 /* UIView+Extension.swift */; };
		DADFE54427464C950071FB51 /* FirebaseDatabase in Frameworks */ = {isa = PBXBuildFile; productRef = DADFE54327464C950071FB51 /* FirebaseDatabase */; };
		DADFE568274665B70071FB51 /* FirebaseFirestore in Frameworks */ = {isa = PBXBuildFile; productRef = DADFE567274665B70071FB51 /* FirebaseFirestore */; };
		DADFE56C27468C9B0071FB51 /* SignUpViewController.swift in Sources */ = {isa = PBXBuildFile; fileRef = DADFE56A27468C9B0071FB51 /* SignUpViewController.swift */; };
		DADFE56D27468C9B0071FB51 /* SignUpViewController.xib in Resources */ = {isa = PBXBuildFile; fileRef = DADFE56B27468C9B0071FB51 /* SignUpViewController.xib */; };
		DADFE56F274699E70071FB51 /* UIViewController+Extension.swift in Sources */ = {isa = PBXBuildFile; fileRef = DADFE56E274699E70071FB51 /* UIViewController+Extension.swift */; };
/* End PBXBuildFile section */

/* Begin PBXContainerItemProxy section */
		DA3B5F5C274262A100901063 /* PBXContainerItemProxy */ = {
			isa = PBXContainerItemProxy;
			containerPortal = DA3B5F3D2742629E00901063 /* Project object */;
			proxyType = 1;
			remoteGlobalIDString = DA3B5F442742629E00901063;
			remoteInfo = StockApp;
		};
		DA3B5F66274262A100901063 /* PBXContainerItemProxy */ = {
			isa = PBXContainerItemProxy;
			containerPortal = DA3B5F3D2742629E00901063 /* Project object */;
			proxyType = 1;
			remoteGlobalIDString = DA3B5F442742629E00901063;
			remoteInfo = StockApp;
		};
/* End PBXContainerItemProxy section */

/* Begin PBXFileReference section */
		DA3B5F452742629F00901063 /* StockApp.app */ = {isa = PBXFileReference; explicitFileType = wrapper.application; includeInIndex = 0; path = StockApp.app; sourceTree = BUILT_PRODUCTS_DIR; };
		DA3B5F482742629F00901063 /* AppDelegate.swift */ = {isa = PBXFileReference; lastKnownFileType = sourcecode.swift; path = AppDelegate.swift; sourceTree = "<group>"; };
		DA3B5F4A2742629F00901063 /* SceneDelegate.swift */ = {isa = PBXFileReference; lastKnownFileType = sourcecode.swift; path = SceneDelegate.swift; sourceTree = "<group>"; };
		DA3B5F51274262A100901063 /* Assets.xcassets */ = {isa = PBXFileReference; lastKnownFileType = folder.assetcatalog; path = Assets.xcassets; sourceTree = "<group>"; };
		DA3B5F54274262A100901063 /* Base */ = {isa = PBXFileReference; lastKnownFileType = file.storyboard; name = Base; path = Base.lproj/LaunchScreen.storyboard; sourceTree = "<group>"; };
		DA3B5F56274262A100901063 /* Info.plist */ = {isa = PBXFileReference; lastKnownFileType = text.plist.xml; path = Info.plist; sourceTree = "<group>"; };
		DA3B5F5B274262A100901063 /* StockAppTests.xctest */ = {isa = PBXFileReference; explicitFileType = wrapper.cfbundle; includeInIndex = 0; path = StockAppTests.xctest; sourceTree = BUILT_PRODUCTS_DIR; };
		DA3B5F5F274262A100901063 /* StockAppTests.swift */ = {isa = PBXFileReference; lastKnownFileType = sourcecode.swift; path = StockAppTests.swift; sourceTree = "<group>"; };
		DA3B5F65274262A100901063 /* StockAppUITests.xctest */ = {isa = PBXFileReference; explicitFileType = wrapper.cfbundle; includeInIndex = 0; path = StockAppUITests.xctest; sourceTree = BUILT_PRODUCTS_DIR; };
		DA3B5F69274262A100901063 /* StockAppUITests.swift */ = {isa = PBXFileReference; lastKnownFileType = sourcecode.swift; path = StockAppUITests.swift; sourceTree = "<group>"; };
		DA3B5F6B274262A100901063 /* StockAppUITestsLaunchTests.swift */ = {isa = PBXFileReference; lastKnownFileType = sourcecode.swift; path = StockAppUITestsLaunchTests.swift; sourceTree = "<group>"; };
		DA3B5F84274278B400901063 /* LoginViewController.swift */ = {isa = PBXFileReference; lastKnownFileType = sourcecode.swift; path = LoginViewController.swift; sourceTree = "<group>"; };
		DA3B5F85274278B400901063 /* LoginViewController.xib */ = {isa = PBXFileReference; lastKnownFileType = file.xib; path = LoginViewController.xib; sourceTree = "<group>"; };
		DA3B5F89274280F800901063 /* MainTabBarController.swift */ = {isa = PBXFileReference; lastKnownFileType = sourcecode.swift; path = MainTabBarController.swift; sourceTree = "<group>"; };
		DA3B5F8A274280F800901063 /* MainTabBarController.xib */ = {isa = PBXFileReference; lastKnownFileType = file.xib; path = MainTabBarController.xib; sourceTree = "<group>"; };
		DA3B5F8D274293F500901063 /* HomeViewController.swift */ = {isa = PBXFileReference; lastKnownFileType = sourcecode.swift; path = HomeViewController.swift; sourceTree = "<group>"; };
		DA3B5F8E274293F500901063 /* HomeViewController.xib */ = {isa = PBXFileReference; lastKnownFileType = file.xib; path = HomeViewController.xib; sourceTree = "<group>"; };
		DA3B5F912742942000901063 /* WishListViewController.swift */ = {isa = PBXFileReference; lastKnownFileType = sourcecode.swift; path = WishListViewController.swift; sourceTree = "<group>"; };
		DA3B5F922742942000901063 /* WishListViewController.xib */ = {isa = PBXFileReference; lastKnownFileType = file.xib; path = WishListViewController.xib; sourceTree = "<group>"; };
		DA3B5F952742943900901063 /* ProfileViewController.swift */ = {isa = PBXFileReference; lastKnownFileType = sourcecode.swift; path = ProfileViewController.swift; sourceTree = "<group>"; };
		DA3B5F962742943900901063 /* ProfileViewController.xib */ = {isa = PBXFileReference; lastKnownFileType = file.xib; path = ProfileViewController.xib; sourceTree = "<group>"; };
		DA3B5F9F27438A4500901063 /* StockViewModel.swift */ = {isa = PBXFileReference; lastKnownFileType = sourcecode.swift; path = StockViewModel.swift; sourceTree = "<group>"; };
		DA3B5FA12743922D00901063 /* Stock.swift */ = {isa = PBXFileReference; lastKnownFileType = sourcecode.swift; path = Stock.swift; sourceTree = "<group>"; };
		DA3B5FA42743A12200901063 /* Network.swift */ = {isa = PBXFileReference; lastKnownFileType = sourcecode.swift; path = Network.swift; sourceTree = "<group>"; };
		DA3B5FA72743C58500901063 /* StockCell.swift */ = {isa = PBXFileReference; lastKnownFileType = sourcecode.swift; path = StockCell.swift; sourceTree = "<group>"; };
		DA3B5FA82743C58500901063 /* StockCell.xib */ = {isa = PBXFileReference; lastKnownFileType = file.xib; path = StockCell.xib; sourceTree = "<group>"; };
		DA3B5FAB2744293200901063 /* UIColor+Extension.swift */ = {isa = PBXFileReference; lastKnownFileType = sourcecode.swift; path = "UIColor+Extension.swift"; sourceTree = "<group>"; };
		DA3B5FAD2744CF4300901063 /* WishlistManager.swift */ = {isa = PBXFileReference; lastKnownFileType = sourcecode.swift; path = WishlistManager.swift; sourceTree = "<group>"; };
		DA3B5FB22744E9D400901063 /* WishlistViewModel.swift */ = {isa = PBXFileReference; lastKnownFileType = sourcecode.swift; path = WishlistViewModel.swift; sourceTree = "<group>"; };
		DA5860E5274529E000060AC7 /* GoogleService-Info.plist */ = {isa = PBXFileReference; fileEncoding = 4; lastKnownFileType = text.plist.xml; path = "GoogleService-Info.plist"; sourceTree = "<group>"; };
		DA8A9B1E274A15FB000BA144 /* HomeVc+Extension+CollectionDS.swift */ = {isa = PBXFileReference; lastKnownFileType = sourcecode.swift; path = "HomeVc+Extension+CollectionDS.swift"; sourceTree = "<group>"; };
		DA8A9B20274A1777000BA144 /* BaseViewController.swift */ = {isa = PBXFileReference; lastKnownFileType = sourcecode.swift; path = BaseViewController.swift; sourceTree = "<group>"; };
		DA8A9B22274A18DA000BA144 /* UIView+Extension.swift */ = {isa = PBXFileReference; lastKnownFileType = sourcecode.swift; path = "UIView+Extension.swift"; sourceTree = "<group>"; };
		DADFE56A27468C9B0071FB51 /* SignUpViewController.swift */ = {isa = PBXFileReference; lastKnownFileType = sourcecode.swift; path = SignUpViewController.swift; sourceTree = "<group>"; };
		DADFE56B27468C9B0071FB51 /* SignUpViewController.xib */ = {isa = PBXFileReference; lastKnownFileType = file.xib; path = SignUpViewController.xib; sourceTree = "<group>"; };
		DADFE56E274699E70071FB51 /* UIViewController+Extension.swift */ = {isa = PBXFileReference; lastKnownFileType = sourcecode.swift; path = "UIViewController+Extension.swift"; sourceTree = "<group>"; };
/* End PBXFileReference section */

/* Begin PBXFrameworksBuildPhase section */
		DA3B5F422742629E00901063 /* Frameworks */ = {
			isa = PBXFrameworksBuildPhase;
			buildActionMask = 2147483647;
			files = (
				DA5860E4274521C500060AC7 /* FirebaseAuth in Frameworks */,
				DADFE54427464C950071FB51 /* FirebaseDatabase in Frameworks */,
				DADFE568274665B70071FB51 /* FirebaseFirestore in Frameworks */,
			);
			runOnlyForDeploymentPostprocessing = 0;
		};
		DA3B5F58274262A100901063 /* Frameworks */ = {
			isa = PBXFrameworksBuildPhase;
			buildActionMask = 2147483647;
			files = (
			);
			runOnlyForDeploymentPostprocessing = 0;
		};
		DA3B5F62274262A100901063 /* Frameworks */ = {
			isa = PBXFrameworksBuildPhase;
			buildActionMask = 2147483647;
			files = (
			);
			runOnlyForDeploymentPostprocessing = 0;
		};
/* End PBXFrameworksBuildPhase section */

/* Begin PBXGroup section */
		DA3B5F3C2742629E00901063 = {
			isa = PBXGroup;
			children = (
				DA3B5F472742629F00901063 /* StockApp */,
				DA3B5F5E274262A100901063 /* StockAppTests */,
				DA3B5F68274262A100901063 /* StockAppUITests */,
				DA3B5F462742629F00901063 /* Products */,
				DA5860AD2745201200060AC7 /* Frameworks */,
			);
			sourceTree = "<group>";
		};
		DA3B5F462742629F00901063 /* Products */ = {
			isa = PBXGroup;
			children = (
				DA3B5F452742629F00901063 /* StockApp.app */,
				DA3B5F5B274262A100901063 /* StockAppTests.xctest */,
				DA3B5F65274262A100901063 /* StockAppUITests.xctest */,
			);
			name = Products;
			sourceTree = "<group>";
		};
		DA3B5F472742629F00901063 /* StockApp */ = {
			isa = PBXGroup;
			children = (
				DA3B5F832742787C00901063 /* Utility */,
				DA3B5F7A274275E500901063 /* Module */,
				DA3B5F792742719A00901063 /* Resource */,
				DA3B5F782742718100901063 /* App Launch */,
				DA3B5F56274262A100901063 /* Info.plist */,
				DA5860E5274529E000060AC7 /* GoogleService-Info.plist */,
			);
			path = StockApp;
			sourceTree = "<group>";
		};
		DA3B5F5E274262A100901063 /* StockAppTests */ = {
			isa = PBXGroup;
			children = (
				DA3B5F5F274262A100901063 /* StockAppTests.swift */,
			);
			path = StockAppTests;
			sourceTree = "<group>";
		};
		DA3B5F68274262A100901063 /* StockAppUITests */ = {
			isa = PBXGroup;
			children = (
				DA3B5F69274262A100901063 /* StockAppUITests.swift */,
				DA3B5F6B274262A100901063 /* StockAppUITestsLaunchTests.swift */,
			);
			path = StockAppUITests;
			sourceTree = "<group>";
		};
		DA3B5F782742718100901063 /* App Launch */ = {
			isa = PBXGroup;
			children = (
				DA3B5F53274262A100901063 /* LaunchScreen.storyboard */,
				DA3B5F482742629F00901063 /* AppDelegate.swift */,
				DA3B5F4A2742629F00901063 /* SceneDelegate.swift */,
			);
			path = "App Launch";
			sourceTree = "<group>";
		};
		DA3B5F792742719A00901063 /* Resource */ = {
			isa = PBXGroup;
			children = (
				DA3B5F51274262A100901063 /* Assets.xcassets */,
			);
			path = Resource;
			sourceTree = "<group>";
		};
		DA3B5F7A274275E500901063 /* Module */ = {
			isa = PBXGroup;
			children = (
				DA3B5F7F2742780500901063 /* Login */,
				DADFE56927468C830071FB51 /* SignUp */,
				DA3B5F802742783900901063 /* MainTabBar */,
			);
			path = Module;
			sourceTree = "<group>";
		};
		DA3B5F7C2742760800901063 /* Home */ = {
			isa = PBXGroup;
			children = (
				DA3B5F9A2743896200901063 /* ViewModel */,
				DA3B5FA327439BA800901063 /* View */,
			);
			path = Home;
			sourceTree = "<group>";
		};
		DA3B5F7F2742780500901063 /* Login */ = {
			isa = PBXGroup;
			children = (
				DA8A9B1C274A14F7000BA144 /* View */,
			);
			path = Login;
			sourceTree = "<group>";
		};
		DA3B5F802742783900901063 /* MainTabBar */ = {
			isa = PBXGroup;
			children = (
				DA3B5F9D274389AF00901063 /* View */,
				DA3B5F9C2743899200901063 /* TabModule */,
			);
			path = MainTabBar;
			sourceTree = "<group>";
		};
		DA3B5F812742784700901063 /* Wishlist */ = {
			isa = PBXGroup;
			children = (
				DA3B5FB02744E91300901063 /* ViewModel */,
				DA3B5FAF2744E8EB00901063 /* View */,
			);
			path = Wishlist;
			sourceTree = "<group>";
		};
		DA3B5F822742785300901063 /* Profile */ = {
			isa = PBXGroup;
			children = (
				DA3B5F952742943900901063 /* ProfileViewController.swift */,
				DA3B5F962742943900901063 /* ProfileViewController.xib */,
			);
			path = Profile;
			sourceTree = "<group>";
		};
		DA3B5F832742787C00901063 /* Utility */ = {
			isa = PBXGroup;
			children = (
				DA8A9B26274A6BD9000BA144 /* Extension */,
				DA8A9B25274A6BCC000BA144 /* BaseClasses */,
				DA8A9B24274A6BBA000BA144 /* Network */,
			);
			path = Utility;
			sourceTree = "<group>";
		};
		DA3B5F992743895600901063 /* Model */ = {
			isa = PBXGroup;
			children = (
				DA3B5FA12743922D00901063 /* Stock.swift */,
			);
			path = Model;
			sourceTree = "<group>";
		};
		DA3B5F9A2743896200901063 /* ViewModel */ = {
			isa = PBXGroup;
			children = (
				DA3B5F9F27438A4500901063 /* StockViewModel.swift */,
			);
			path = ViewModel;
			sourceTree = "<group>";
		};
		DA3B5F9C2743899200901063 /* TabModule */ = {
			isa = PBXGroup;
			children = (
				DA3B5F992743895600901063 /* Model */,
				DA3B5F7C2742760800901063 /* Home */,
				DA3B5F812742784700901063 /* Wishlist */,
				DA3B5F822742785300901063 /* Profile */,
			);
			path = TabModule;
			sourceTree = "<group>";
		};
		DA3B5F9D274389AF00901063 /* View */ = {
			isa = PBXGroup;
			children = (
				DA3B5F89274280F800901063 /* MainTabBarController.swift */,
				DA3B5F8A274280F800901063 /* MainTabBarController.xib */,
			);
			path = View;
			sourceTree = "<group>";
		};
		DA3B5FA327439BA800901063 /* View */ = {
			isa = PBXGroup;
			children = (
				DA3B5FA62743C4AA00901063 /* Cell */,
				DA3B5F8D274293F500901063 /* HomeViewController.swift */,
				DA8A9B1E274A15FB000BA144 /* HomeVc+Extension+CollectionDS.swift */,
				DA3B5F8E274293F500901063 /* HomeViewController.xib */,
			);
			path = View;
			sourceTree = "<group>";
		};
		DA3B5FA62743C4AA00901063 /* Cell */ = {
			isa = PBXGroup;
			children = (
				DA3B5FA72743C58500901063 /* StockCell.swift */,
				DA3B5FA82743C58500901063 /* StockCell.xib */,
			);
			path = Cell;
			sourceTree = "<group>";
		};
		DA3B5FAF2744E8EB00901063 /* View */ = {
			isa = PBXGroup;
			children = (
				DA3B5F912742942000901063 /* WishListViewController.swift */,
				DA3B5F922742942000901063 /* WishListViewController.xib */,
			);
			path = View;
			sourceTree = "<group>";
		};
		DA3B5FB02744E91300901063 /* ViewModel */ = {
			isa = PBXGroup;
			children = (
				DA3B5FAD2744CF4300901063 /* WishlistManager.swift */,
				DA3B5FB22744E9D400901063 /* WishlistViewModel.swift */,
			);
			path = ViewModel;
			sourceTree = "<group>";
		};
		DA5860AD2745201200060AC7 /* Frameworks */ = {
			isa = PBXGroup;
			children = (
			);
			name = Frameworks;
			sourceTree = "<group>";
		};
		DA8A9B1C274A14F7000BA144 /* View */ = {
			isa = PBXGroup;
			children = (
				DA3B5F84274278B400901063 /* LoginViewController.swift */,
				DA3B5F85274278B400901063 /* LoginViewController.xib */,
			);
			path = View;
			sourceTree = "<group>";
		};
		DA8A9B1D274A150A000BA144 /* View */ = {
			isa = PBXGroup;
			children = (
				DADFE56A27468C9B0071FB51 /* SignUpViewController.swift */,
				DADFE56B27468C9B0071FB51 /* SignUpViewController.xib */,
			);
			path = View;
			sourceTree = "<group>";
		};
		DA8A9B24274A6BBA000BA144 /* Network */ = {
			isa = PBXGroup;
			children = (
				DA3B5FA42743A12200901063 /* Network.swift */,
			);
			path = Network;
			sourceTree = "<group>";
		};
		DA8A9B25274A6BCC000BA144 /* BaseClasses */ = {
			isa = PBXGroup;
			children = (
				DA8A9B20274A1777000BA144 /* BaseViewController.swift */,
			);
			path = BaseClasses;
			sourceTree = "<group>";
		};
		DA8A9B26274A6BD9000BA144 /* Extension */ = {
			isa = PBXGroup;
			children = (
				DA3B5FAB2744293200901063 /* UIColor+Extension.swift */,
				DADFE56E274699E70071FB51 /* UIViewController+Extension.swift */,
				DA8A9B22274A18DA000BA144 /* UIView+Extension.swift */,
			);
			path = Extension;
			sourceTree = "<group>";
		};
		DADFE56927468C830071FB51 /* SignUp */ = {
			isa = PBXGroup;
			children = (
				DA8A9B1D274A150A000BA144 /* View */,
			);
			path = SignUp;
			sourceTree = "<group>";
		};
/* End PBXGroup section */

/* Begin PBXNativeTarget section */
		DA3B5F442742629E00901063 /* StockApp */ = {
			isa = PBXNativeTarget;
			buildConfigurationList = DA3B5F6F274262A100901063 /* Build configuration list for PBXNativeTarget "StockApp" */;
			buildPhases = (
				DA3B5F412742629E00901063 /* Sources */,
				DA3B5F422742629E00901063 /* Frameworks */,
				DA3B5F432742629E00901063 /* Resources */,
			);
			buildRules = (
			);
			dependencies = (
			);
			name = StockApp;
			packageProductDependencies = (
				DA5860E3274521C500060AC7 /* FirebaseAuth */,
				DADFE54327464C950071FB51 /* FirebaseDatabase */,
				DADFE567274665B70071FB51 /* FirebaseFirestore */,
			);
			productName = StockApp;
			productReference = DA3B5F452742629F00901063 /* StockApp.app */;
			productType = "com.apple.product-type.application";
		};
		DA3B5F5A274262A100901063 /* StockAppTests */ = {
			isa = PBXNativeTarget;
			buildConfigurationList = DA3B5F72274262A100901063 /* Build configuration list for PBXNativeTarget "StockAppTests" */;
			buildPhases = (
				DA3B5F57274262A100901063 /* Sources */,
				DA3B5F58274262A100901063 /* Frameworks */,
				DA3B5F59274262A100901063 /* Resources */,
			);
			buildRules = (
			);
			dependencies = (
				DA3B5F5D274262A100901063 /* PBXTargetDependency */,
			);
			name = StockAppTests;
			productName = StockAppTests;
			productReference = DA3B5F5B274262A100901063 /* StockAppTests.xctest */;
			productType = "com.apple.product-type.bundle.unit-test";
		};
		DA3B5F64274262A100901063 /* StockAppUITests */ = {
			isa = PBXNativeTarget;
			buildConfigurationList = DA3B5F75274262A100901063 /* Build configuration list for PBXNativeTarget "StockAppUITests" */;
			buildPhases = (
				DA3B5F61274262A100901063 /* Sources */,
				DA3B5F62274262A100901063 /* Frameworks */,
				DA3B5F63274262A100901063 /* Resources */,
			);
			buildRules = (
			);
			dependencies = (
				DA3B5F67274262A100901063 /* PBXTargetDependency */,
			);
			name = StockAppUITests;
			productName = StockAppUITests;
			productReference = DA3B5F65274262A100901063 /* StockAppUITests.xctest */;
			productType = "com.apple.product-type.bundle.ui-testing";
		};
/* End PBXNativeTarget section */

/* Begin PBXProject section */
		DA3B5F3D2742629E00901063 /* Project object */ = {
			isa = PBXProject;
			attributes = {
				BuildIndependentTargetsInParallel = 1;
				LastSwiftUpdateCheck = 1300;
				LastUpgradeCheck = 1300;
				TargetAttributes = {
					DA3B5F442742629E00901063 = {
						CreatedOnToolsVersion = 13.0;
					};
					DA3B5F5A274262A100901063 = {
						CreatedOnToolsVersion = 13.0;
						TestTargetID = DA3B5F442742629E00901063;
					};
					DA3B5F64274262A100901063 = {
						CreatedOnToolsVersion = 13.0;
						TestTargetID = DA3B5F442742629E00901063;
					};
				};
			};
			buildConfigurationList = DA3B5F402742629E00901063 /* Build configuration list for PBXProject "StockApp" */;
			compatibilityVersion = "Xcode 12.0";
			developmentRegion = en;
			hasScannedForEncodings = 0;
			knownRegions = (
				en,
				Base,
			);
			mainGroup = DA3B5F3C2742629E00901063;
			packageReferences = (
				DA5860E2274521C500060AC7 /* XCRemoteSwiftPackageReference "firebase-ios-sdk" */,
			);
			productRefGroup = DA3B5F462742629F00901063 /* Products */;
			projectDirPath = "";
			projectRoot = "";
			targets = (
				DA3B5F442742629E00901063 /* StockApp */,
				DA3B5F5A274262A100901063 /* StockAppTests */,
				DA3B5F64274262A100901063 /* StockAppUITests */,
			);
		};
/* End PBXProject section */

/* Begin PBXResourcesBuildPhase section */
		DA3B5F432742629E00901063 /* Resources */ = {
			isa = PBXResourcesBuildPhase;
			buildActionMask = 2147483647;
			files = (
				DADFE56D27468C9B0071FB51 /* SignUpViewController.xib in Resources */,
				DA3B5F982742943900901063 /* ProfileViewController.xib in Resources */,
				DA3B5F55274262A100901063 /* LaunchScreen.storyboard in Resources */,
				DA3B5FAA2743C58500901063 /* StockCell.xib in Resources */,
				DA3B5F52274262A100901063 /* Assets.xcassets in Resources */,
				DA3B5F90274293F500901063 /* HomeViewController.xib in Resources */,
				DA5860E6274529E000060AC7 /* GoogleService-Info.plist in Resources */,
				DA3B5F87274278B400901063 /* LoginViewController.xib in Resources */,
				DA3B5F8C274280F800901063 /* MainTabBarController.xib in Resources */,
				DA3B5F942742942000901063 /* WishListViewController.xib in Resources */,
			);
			runOnlyForDeploymentPostprocessing = 0;
		};
		DA3B5F59274262A100901063 /* Resources */ = {
			isa = PBXResourcesBuildPhase;
			buildActionMask = 2147483647;
			files = (
			);
			runOnlyForDeploymentPostprocessing = 0;
		};
		DA3B5F63274262A100901063 /* Resources */ = {
			isa = PBXResourcesBuildPhase;
			buildActionMask = 2147483647;
			files = (
			);
			runOnlyForDeploymentPostprocessing = 0;
		};
/* End PBXResourcesBuildPhase section */

/* Begin PBXSourcesBuildPhase section */
		DA3B5F412742629E00901063 /* Sources */ = {
			isa = PBXSourcesBuildPhase;
			buildActionMask = 2147483647;
			files = (
				DADFE56F274699E70071FB51 /* UIViewController+Extension.swift in Sources */,
				DA3B5FAE2744CF4300901063 /* WishlistManager.swift in Sources */,
				DA8A9B1F274A15FB000BA144 /* HomeVc+Extension+CollectionDS.swift in Sources */,
				DA3B5F8F274293F500901063 /* HomeViewController.swift in Sources */,
				DA3B5F932742942000901063 /* WishListViewController.swift in Sources */,
				DA8A9B21274A1777000BA144 /* BaseViewController.swift in Sources */,
				DA3B5F86274278B400901063 /* LoginViewController.swift in Sources */,
				DA3B5FAC2744293200901063 /* UIColor+Extension.swift in Sources */,
				DA3B5F492742629F00901063 /* AppDelegate.swift in Sources */,
				DA3B5FA92743C58500901063 /* StockCell.swift in Sources */,
				DA3B5F972742943900901063 /* ProfileViewController.swift in Sources */,
				DA3B5F8B274280F800901063 /* MainTabBarController.swift in Sources */,
				DA8A9B23274A18DA000BA144 /* UIView+Extension.swift in Sources */,
				DADFE56C27468C9B0071FB51 /* SignUpViewController.swift in Sources */,
				DA3B5F4B2742629F00901063 /* SceneDelegate.swift in Sources */,
				DA3B5FA027438A4500901063 /* StockViewModel.swift in Sources */,
				DA3B5FA52743A12200901063 /* Network.swift in Sources */,
				DA3B5FA22743922D00901063 /* Stock.swift in Sources */,
				DA3B5FB32744E9D400901063 /* WishlistViewModel.swift in Sources */,
			);
			runOnlyForDeploymentPostprocessing = 0;
		};
		DA3B5F57274262A100901063 /* Sources */ = {
			isa = PBXSourcesBuildPhase;
			buildActionMask = 2147483647;
			files = (
				DA3B5F60274262A100901063 /* StockAppTests.swift in Sources */,
			);
			runOnlyForDeploymentPostprocessing = 0;
		};
		DA3B5F61274262A100901063 /* Sources */ = {
			isa = PBXSourcesBuildPhase;
			buildActionMask = 2147483647;
			files = (
				DA3B5F6C274262A100901063 /* StockAppUITestsLaunchTests.swift in Sources */,
				DA3B5F6A274262A100901063 /* StockAppUITests.swift in Sources */,
			);
			runOnlyForDeploymentPostprocessing = 0;
		};
/* End PBXSourcesBuildPhase section */

/* Begin PBXTargetDependency section */
		DA3B5F5D274262A100901063 /* PBXTargetDependency */ = {
			isa = PBXTargetDependency;
			target = DA3B5F442742629E00901063 /* StockApp */;
			targetProxy = DA3B5F5C274262A100901063 /* PBXContainerItemProxy */;
		};
		DA3B5F67274262A100901063 /* PBXTargetDependency */ = {
			isa = PBXTargetDependency;
			target = DA3B5F442742629E00901063 /* StockApp */;
			targetProxy = DA3B5F66274262A100901063 /* PBXContainerItemProxy */;
		};
/* End PBXTargetDependency section */

/* Begin PBXVariantGroup section */
		DA3B5F53274262A100901063 /* LaunchScreen.storyboard */ = {
			isa = PBXVariantGroup;
			children = (
				DA3B5F54274262A100901063 /* Base */,
			);
			name = LaunchScreen.storyboard;
			sourceTree = "<group>";
		};
/* End PBXVariantGroup section */

/* Begin XCBuildConfiguration section */
		DA3B5F6D274262A100901063 /* Debug */ = {
			isa = XCBuildConfiguration;
			buildSettings = {
				ALWAYS_SEARCH_USER_PATHS = NO;
				CLANG_ANALYZER_NONNULL = YES;
				CLANG_ANALYZER_NUMBER_OBJECT_CONVERSION = YES_AGGRESSIVE;
				CLANG_CXX_LANGUAGE_STANDARD = "gnu++17";
				CLANG_CXX_LIBRARY = "libc++";
				CLANG_ENABLE_MODULES = YES;
				CLANG_ENABLE_OBJC_ARC = YES;
				CLANG_ENABLE_OBJC_WEAK = YES;
				CLANG_WARN_BLOCK_CAPTURE_AUTORELEASING = YES;
				CLANG_WARN_BOOL_CONVERSION = YES;
				CLANG_WARN_COMMA = YES;
				CLANG_WARN_CONSTANT_CONVERSION = YES;
				CLANG_WARN_DEPRECATED_OBJC_IMPLEMENTATIONS = YES;
				CLANG_WARN_DIRECT_OBJC_ISA_USAGE = YES_ERROR;
				CLANG_WARN_DOCUMENTATION_COMMENTS = YES;
				CLANG_WARN_EMPTY_BODY = YES;
				CLANG_WARN_ENUM_CONVERSION = YES;
				CLANG_WARN_INFINITE_RECURSION = YES;
				CLANG_WARN_INT_CONVERSION = YES;
				CLANG_WARN_NON_LITERAL_NULL_CONVERSION = YES;
				CLANG_WARN_OBJC_IMPLICIT_RETAIN_SELF = YES;
				CLANG_WARN_OBJC_LITERAL_CONVERSION = YES;
				CLANG_WARN_OBJC_ROOT_CLASS = YES_ERROR;
				CLANG_WARN_QUOTED_INCLUDE_IN_FRAMEWORK_HEADER = YES;
				CLANG_WARN_RANGE_LOOP_ANALYSIS = YES;
				CLANG_WARN_STRICT_PROTOTYPES = YES;
				CLANG_WARN_SUSPICIOUS_MOVE = YES;
				CLANG_WARN_UNGUARDED_AVAILABILITY = YES_AGGRESSIVE;
				CLANG_WARN_UNREACHABLE_CODE = YES;
				CLANG_WARN__DUPLICATE_METHOD_MATCH = YES;
				COPY_PHASE_STRIP = NO;
				DEBUG_INFORMATION_FORMAT = dwarf;
				ENABLE_STRICT_OBJC_MSGSEND = YES;
				ENABLE_TESTABILITY = YES;
				GCC_C_LANGUAGE_STANDARD = gnu11;
				GCC_DYNAMIC_NO_PIC = NO;
				GCC_NO_COMMON_BLOCKS = YES;
				GCC_OPTIMIZATION_LEVEL = 0;
				GCC_PREPROCESSOR_DEFINITIONS = (
					"DEBUG=1",
					"$(inherited)",
				);
				GCC_WARN_64_TO_32_BIT_CONVERSION = YES;
				GCC_WARN_ABOUT_RETURN_TYPE = YES_ERROR;
				GCC_WARN_UNDECLARED_SELECTOR = YES;
				GCC_WARN_UNINITIALIZED_AUTOS = YES_AGGRESSIVE;
				GCC_WARN_UNUSED_FUNCTION = YES;
				GCC_WARN_UNUSED_VARIABLE = YES;
				IPHONEOS_DEPLOYMENT_TARGET = 15.0;
				MTL_ENABLE_DEBUG_INFO = INCLUDE_SOURCE;
				MTL_FAST_MATH = YES;
				ONLY_ACTIVE_ARCH = YES;
				SDKROOT = iphoneos;
				SWIFT_ACTIVE_COMPILATION_CONDITIONS = DEBUG;
				SWIFT_OPTIMIZATION_LEVEL = "-Onone";
			};
			name = Debug;
		};
		DA3B5F6E274262A100901063 /* Release */ = {
			isa = XCBuildConfiguration;
			buildSettings = {
				ALWAYS_SEARCH_USER_PATHS = NO;
				CLANG_ANALYZER_NONNULL = YES;
				CLANG_ANALYZER_NUMBER_OBJECT_CONVERSION = YES_AGGRESSIVE;
				CLANG_CXX_LANGUAGE_STANDARD = "gnu++17";
				CLANG_CXX_LIBRARY = "libc++";
				CLANG_ENABLE_MODULES = YES;
				CLANG_ENABLE_OBJC_ARC = YES;
				CLANG_ENABLE_OBJC_WEAK = YES;
				CLANG_WARN_BLOCK_CAPTURE_AUTORELEASING = YES;
				CLANG_WARN_BOOL_CONVERSION = YES;
				CLANG_WARN_COMMA = YES;
				CLANG_WARN_CONSTANT_CONVERSION = YES;
				CLANG_WARN_DEPRECATED_OBJC_IMPLEMENTATIONS = YES;
				CLANG_WARN_DIRECT_OBJC_ISA_USAGE = YES_ERROR;
				CLANG_WARN_DOCUMENTATION_COMMENTS = YES;
				CLANG_WARN_EMPTY_BODY = YES;
				CLANG_WARN_ENUM_CONVERSION = YES;
				CLANG_WARN_INFINITE_RECURSION = YES;
				CLANG_WARN_INT_CONVERSION = YES;
				CLANG_WARN_NON_LITERAL_NULL_CONVERSION = YES;
				CLANG_WARN_OBJC_IMPLICIT_RETAIN_SELF = YES;
				CLANG_WARN_OBJC_LITERAL_CONVERSION = YES;
				CLANG_WARN_OBJC_ROOT_CLASS = YES_ERROR;
				CLANG_WARN_QUOTED_INCLUDE_IN_FRAMEWORK_HEADER = YES;
				CLANG_WARN_RANGE_LOOP_ANALYSIS = YES;
				CLANG_WARN_STRICT_PROTOTYPES = YES;
				CLANG_WARN_SUSPICIOUS_MOVE = YES;
				CLANG_WARN_UNGUARDED_AVAILABILITY = YES_AGGRESSIVE;
				CLANG_WARN_UNREACHABLE_CODE = YES;
				CLANG_WARN__DUPLICATE_METHOD_MATCH = YES;
				COPY_PHASE_STRIP = NO;
				DEBUG_INFORMATION_FORMAT = "dwarf-with-dsym";
				ENABLE_NS_ASSERTIONS = NO;
				ENABLE_STRICT_OBJC_MSGSEND = YES;
				GCC_C_LANGUAGE_STANDARD = gnu11;
				GCC_NO_COMMON_BLOCKS = YES;
				GCC_WARN_64_TO_32_BIT_CONVERSION = YES;
				GCC_WARN_ABOUT_RETURN_TYPE = YES_ERROR;
				GCC_WARN_UNDECLARED_SELECTOR = YES;
				GCC_WARN_UNINITIALIZED_AUTOS = YES_AGGRESSIVE;
				GCC_WARN_UNUSED_FUNCTION = YES;
				GCC_WARN_UNUSED_VARIABLE = YES;
				IPHONEOS_DEPLOYMENT_TARGET = 15.0;
				MTL_ENABLE_DEBUG_INFO = NO;
				MTL_FAST_MATH = YES;
				SDKROOT = iphoneos;
				SWIFT_COMPILATION_MODE = wholemodule;
				SWIFT_OPTIMIZATION_LEVEL = "-O";
				VALIDATE_PRODUCT = YES;
			};
			name = Release;
		};
		DA3B5F70274262A100901063 /* Debug */ = {
			isa = XCBuildConfiguration;
			buildSettings = {
				ASSETCATALOG_COMPILER_APPICON_NAME = AppIcon;
				ASSETCATALOG_COMPILER_GLOBAL_ACCENT_COLOR_NAME = AccentColor;
				CODE_SIGN_STYLE = Automatic;
				CURRENT_PROJECT_VERSION = 1;
				DEVELOPMENT_TEAM = J74MMTX6NT;
				GENERATE_INFOPLIST_FILE = YES;
				INFOPLIST_FILE = StockApp/Info.plist;
				INFOPLIST_KEY_CFBundleDisplayName = InstaStock;
				INFOPLIST_KEY_UIApplicationSupportsIndirectInputEvents = YES;
				INFOPLIST_KEY_UILaunchStoryboardName = LaunchScreen;
				INFOPLIST_KEY_UISupportedInterfaceOrientations_iPad = "UIInterfaceOrientationPortrait UIInterfaceOrientationPortraitUpsideDown UIInterfaceOrientationLandscapeLeft UIInterfaceOrientationLandscapeRight";
				INFOPLIST_KEY_UISupportedInterfaceOrientations_iPhone = "UIInterfaceOrientationPortrait UIInterfaceOrientationLandscapeLeft UIInterfaceOrientationLandscapeRight";
				IPHONEOS_DEPLOYMENT_TARGET = 15.0;
				LD_RUNPATH_SEARCH_PATHS = (
					"$(inherited)",
					"@executable_path/Frameworks",
				);
				MARKETING_VERSION = 1.0;
				PRODUCT_BUNDLE_IDENTIFIER = nalinporwal.com.StockApp;
				PRODUCT_NAME = "$(TARGET_NAME)";
				SWIFT_EMIT_LOC_STRINGS = YES;
				SWIFT_VERSION = 5.0;
				TARGETED_DEVICE_FAMILY = "1,2";
			};
			name = Debug;
		};
		DA3B5F71274262A100901063 /* Release */ = {
			isa = XCBuildConfiguration;
			buildSettings = {
				ASSETCATALOG_COMPILER_APPICON_NAME = AppIcon;
				ASSETCATALOG_COMPILER_GLOBAL_ACCENT_COLOR_NAME = AccentColor;
				CODE_SIGN_STYLE = Automatic;
				CURRENT_PROJECT_VERSION = 1;
				DEVELOPMENT_TEAM = J74MMTX6NT;
				GENERATE_INFOPLIST_FILE = YES;
				INFOPLIST_FILE = StockApp/Info.plist;
				INFOPLIST_KEY_CFBundleDisplayName = InstaStock;
				INFOPLIST_KEY_UIApplicationSupportsIndirectInputEvents = YES;
				INFOPLIST_KEY_UILaunchStoryboardName = LaunchScreen;
				INFOPLIST_KEY_UISupportedInterfaceOrientations_iPad = "UIInterfaceOrientationPortrait UIInterfaceOrientationPortraitUpsideDown UIInterfaceOrientationLandscapeLeft UIInterfaceOrientationLandscapeRight";
				INFOPLIST_KEY_UISupportedInterfaceOrientations_iPhone = "UIInterfaceOrientationPortrait UIInterfaceOrientationLandscapeLeft UIInterfaceOrientationLandscapeRight";
				IPHONEOS_DEPLOYMENT_TARGET = 15.0;
				LD_RUNPATH_SEARCH_PATHS = (
					"$(inherited)",
					"@executable_path/Frameworks",
				);
				MARKETING_VERSION = 1.0;
				PRODUCT_BUNDLE_IDENTIFIER = nalinporwal.com.StockApp;
				PRODUCT_NAME = "$(TARGET_NAME)";
				SWIFT_EMIT_LOC_STRINGS = YES;
				SWIFT_VERSION = 5.0;
				TARGETED_DEVICE_FAMILY = "1,2";
			};
			name = Release;
		};
		DA3B5F73274262A100901063 /* Debug */ = {
			isa = XCBuildConfiguration;
			buildSettings = {
				ALWAYS_EMBED_SWIFT_STANDARD_LIBRARIES = YES;
				BUNDLE_LOADER = "$(TEST_HOST)";
				CODE_SIGN_STYLE = Automatic;
				CURRENT_PROJECT_VERSION = 1;
				DEVELOPMENT_TEAM = J74MMTX6NT;
				GENERATE_INFOPLIST_FILE = YES;
				IPHONEOS_DEPLOYMENT_TARGET = 15.0;
				LD_RUNPATH_SEARCH_PATHS = (
					"$(inherited)",
					"@executable_path/Frameworks",
					"@loader_path/Frameworks",
				);
				MARKETING_VERSION = 1.0;
				PRODUCT_BUNDLE_IDENTIFIER = nalinporwal.com.StockAppTests;
				PRODUCT_NAME = "$(TARGET_NAME)";
				SWIFT_EMIT_LOC_STRINGS = NO;
				SWIFT_VERSION = 5.0;
				TARGETED_DEVICE_FAMILY = "1,2";
				TEST_HOST = "$(BUILT_PRODUCTS_DIR)/StockApp.app/StockApp";
			};
			name = Debug;
		};
		DA3B5F74274262A100901063 /* Release */ = {
			isa = XCBuildConfiguration;
			buildSettings = {
				ALWAYS_EMBED_SWIFT_STANDARD_LIBRARIES = YES;
				BUNDLE_LOADER = "$(TEST_HOST)";
				CODE_SIGN_STYLE = Automatic;
				CURRENT_PROJECT_VERSION = 1;
				DEVELOPMENT_TEAM = J74MMTX6NT;
				GENERATE_INFOPLIST_FILE = YES;
				IPHONEOS_DEPLOYMENT_TARGET = 15.0;
				LD_RUNPATH_SEARCH_PATHS = (
					"$(inherited)",
					"@executable_path/Frameworks",
					"@loader_path/Frameworks",
				);
				MARKETING_VERSION = 1.0;
				PRODUCT_BUNDLE_IDENTIFIER = nalinporwal.com.StockAppTests;
				PRODUCT_NAME = "$(TARGET_NAME)";
				SWIFT_EMIT_LOC_STRINGS = NO;
				SWIFT_VERSION = 5.0;
				TARGETED_DEVICE_FAMILY = "1,2";
				TEST_HOST = "$(BUILT_PRODUCTS_DIR)/StockApp.app/StockApp";
			};
			name = Release;
		};
		DA3B5F76274262A100901063 /* Debug */ = {
			isa = XCBuildConfiguration;
			buildSettings = {
				ALWAYS_EMBED_SWIFT_STANDARD_LIBRARIES = YES;
				CODE_SIGN_STYLE = Automatic;
				CURRENT_PROJECT_VERSION = 1;
				DEVELOPMENT_TEAM = J74MMTX6NT;
				GENERATE_INFOPLIST_FILE = YES;
				LD_RUNPATH_SEARCH_PATHS = (
					"$(inherited)",
					"@executable_path/Frameworks",
					"@loader_path/Frameworks",
				);
				MARKETING_VERSION = 1.0;
				PRODUCT_BUNDLE_IDENTIFIER = nalinporwal.com.StockAppUITests;
				PRODUCT_NAME = "$(TARGET_NAME)";
				SWIFT_EMIT_LOC_STRINGS = NO;
				SWIFT_VERSION = 5.0;
				TARGETED_DEVICE_FAMILY = "1,2";
				TEST_TARGET_NAME = StockApp;
			};
			name = Debug;
		};
		DA3B5F77274262A100901063 /* Release */ = {
			isa = XCBuildConfiguration;
			buildSettings = {
				ALWAYS_EMBED_SWIFT_STANDARD_LIBRARIES = YES;
				CODE_SIGN_STYLE = Automatic;
				CURRENT_PROJECT_VERSION = 1;
				DEVELOPMENT_TEAM = J74MMTX6NT;
				GENERATE_INFOPLIST_FILE = YES;
				LD_RUNPATH_SEARCH_PATHS = (
					"$(inherited)",
					"@executable_path/Frameworks",
					"@loader_path/Frameworks",
				);
				MARKETING_VERSION = 1.0;
				PRODUCT_BUNDLE_IDENTIFIER = nalinporwal.com.StockAppUITests;
				PRODUCT_NAME = "$(TARGET_NAME)";
				SWIFT_EMIT_LOC_STRINGS = NO;
				SWIFT_VERSION = 5.0;
				TARGETED_DEVICE_FAMILY = "1,2";
				TEST_TARGET_NAME = StockApp;
			};
			name = Release;
		};
/* End XCBuildConfiguration section */

/* Begin XCConfigurationList section */
		DA3B5F402742629E00901063 /* Build configuration list for PBXProject "StockApp" */ = {
			isa = XCConfigurationList;
			buildConfigurations = (
				DA3B5F6D274262A100901063 /* Debug */,
				DA3B5F6E274262A100901063 /* Release */,
			);
			defaultConfigurationIsVisible = 0;
			defaultConfigurationName = Release;
		};
		DA3B5F6F274262A100901063 /* Build configuration list for PBXNativeTarget "StockApp" */ = {
			isa = XCConfigurationList;
			buildConfigurations = (
				DA3B5F70274262A100901063 /* Debug */,
				DA3B5F71274262A100901063 /* Release */,
			);
			defaultConfigurationIsVisible = 0;
			defaultConfigurationName = Release;
		};
		DA3B5F72274262A100901063 /* Build configuration list for PBXNativeTarget "StockAppTests" */ = {
			isa = XCConfigurationList;
			buildConfigurations = (
				DA3B5F73274262A100901063 /* Debug */,
				DA3B5F74274262A100901063 /* Release */,
			);
			defaultConfigurationIsVisible = 0;
			defaultConfigurationName = Release;
		};
		DA3B5F75274262A100901063 /* Build configuration list for PBXNativeTarget "StockAppUITests" */ = {
			isa = XCConfigurationList;
			buildConfigurations = (
				DA3B5F76274262A100901063 /* Debug */,
				DA3B5F77274262A100901063 /* Release */,
			);
			defaultConfigurationIsVisible = 0;
			defaultConfigurationName = Release;
		};
/* End XCConfigurationList section */

/* Begin XCRemoteSwiftPackageReference section */
		DA5860E2274521C500060AC7 /* XCRemoteSwiftPackageReference "firebase-ios-sdk" */ = {
			isa = XCRemoteSwiftPackageReference;
			repositoryURL = "https://github.com/firebase/firebase-ios-sdk.git";
			requirement = {
				kind = upToNextMajorVersion;
				minimumVersion = 8.9.0;
			};
		};
/* End XCRemoteSwiftPackageReference section */

/* Begin XCSwiftPackageProductDependency section */
		DA5860E3274521C500060AC7 /* FirebaseAuth */ = {
			isa = XCSwiftPackageProductDependency;
			package = DA5860E2274521C500060AC7 /* XCRemoteSwiftPackageReference "firebase-ios-sdk" */;
			productName = FirebaseAuth;
		};
		DADFE54327464C950071FB51 /* FirebaseDatabase */ = {
			isa = XCSwiftPackageProductDependency;
			package = DA5860E2274521C500060AC7 /* XCRemoteSwiftPackageReference "firebase-ios-sdk" */;
			productName = FirebaseDatabase;
		};
		DADFE567274665B70071FB51 /* FirebaseFirestore */ = {
			isa = XCSwiftPackageProductDependency;
			package = DA5860E2274521C500060AC7 /* XCRemoteSwiftPackageReference "firebase-ios-sdk" */;
			productName = FirebaseFirestore;
		};
/* End XCSwiftPackageProductDependency section */
	};
	rootObject = DA3B5F3D2742629E00901063 /* Project object */;
}
